// !$*UTF8*$!
{
	archiveVersion = 1;
	classes = {
	};
	objectVersion = 70;
	objects = {

/* Begin PBXBuildFile section */
		944DF7BC2D22A24200AF7FF8 /* CommonNetworking in Frameworks */ = {isa = PBXBuildFile; productRef = 944DF7BB2D22A24200AF7FF8 /* CommonNetworking */; };
		94E64B752D2C51E1002E458B /* Dependencies in Frameworks */ = {isa = PBXBuildFile; productRef = 94E64B742D2C51E1002E458B /* Dependencies */; };
		94E653102D4935C0002E458B /* Shimmer in Frameworks */ = {isa = PBXBuildFile; productRef = 94E6530F2D4935C0002E458B /* Shimmer */; };
		94E653612D493C74002E458B /* Realm in Frameworks */ = {isa = PBXBuildFile; productRef = 94E653602D493C74002E458B /* Realm */; };
		94E653632D493C74002E458B /* RealmSwift in Frameworks */ = {isa = PBXBuildFile; productRef = 94E653622D493C74002E458B /* RealmSwift */; };
		94E653662D493D97002E458B /* Realm in Frameworks */ = {isa = PBXBuildFile; productRef = 94E653652D493D97002E458B /* Realm */; };
		94E653682D493D97002E458B /* RealmSwift in Frameworks */ = {isa = PBXBuildFile; productRef = 94E653672D493D97002E458B /* RealmSwift */; };
/* End PBXBuildFile section */

/* Begin PBXFileReference section */
		94A0F0F62B0AB3A500AB5BEB /* TripWise.app */ = {isa = PBXFileReference; explicitFileType = wrapper.application; includeInIndex = 0; path = TripWise.app; sourceTree = BUILT_PRODUCTS_DIR; };
/* End PBXFileReference section */

/* Begin PBXFileSystemSynchronizedRootGroup section */
		94E266E12D2867AD00878006 /* TripWise */ = {isa = PBXFileSystemSynchronizedRootGroup; explicitFileTypes = {}; explicitFolders = (); path = TripWise; sourceTree = "<group>"; };
/* End PBXFileSystemSynchronizedRootGroup section */

/* Begin PBXFrameworksBuildPhase section */
		94A0F0F32B0AB3A500AB5BEB /* Frameworks */ = {
			isa = PBXFrameworksBuildPhase;
			buildActionMask = 2147483647;
			files = (
				94E653682D493D97002E458B /* RealmSwift in Frameworks */,
				94E653662D493D97002E458B /* Realm in Frameworks */,
				94E653632D493C74002E458B /* RealmSwift in Frameworks */,
				94E653102D4935C0002E458B /* Shimmer in Frameworks */,
				944DF7BC2D22A24200AF7FF8 /* CommonNetworking in Frameworks */,
				94E64B752D2C51E1002E458B /* Dependencies in Frameworks */,
				94E653612D493C74002E458B /* Realm in Frameworks */,
			);
			runOnlyForDeploymentPostprocessing = 0;
		};
/* End PBXFrameworksBuildPhase section */

/* Begin PBXGroup section */
		94A0F0ED2B0AB3A500AB5BEB = {
			isa = PBXGroup;
			children = (
				94E266E12D2867AD00878006 /* TripWise */,
				94A0F0F72B0AB3A500AB5BEB /* Products */,
			);
			sourceTree = "<group>";
		};
		94A0F0F72B0AB3A500AB5BEB /* Products */ = {
			isa = PBXGroup;
			children = (
				94A0F0F62B0AB3A500AB5BEB /* TripWise.app */,
			);
			name = Products;
			sourceTree = "<group>";
		};
/* End PBXGroup section */

/* Begin PBXNativeTarget section */
		94A0F0F52B0AB3A500AB5BEB /* TripWise */ = {
			isa = PBXNativeTarget;
			buildConfigurationList = 94A0F1042B0AB3A600AB5BEB /* Build configuration list for PBXNativeTarget "TripWise" */;
			buildPhases = (
				94A0F0F22B0AB3A500AB5BEB /* Sources */,
				94A0F0F32B0AB3A500AB5BEB /* Frameworks */,
				94A0F0F42B0AB3A500AB5BEB /* Resources */,
			);
			buildRules = (
			);
			dependencies = (
			);
			fileSystemSynchronizedGroups = (
				94E266E12D2867AD00878006 /* TripWise */,
			);
			name = TripWise;
			productName = TripWise;
			productReference = 94A0F0F62B0AB3A500AB5BEB /* TripWise.app */;
			productType = "com.apple.product-type.application";
		};
/* End PBXNativeTarget section */

/* Begin PBXProject section */
		94A0F0EE2B0AB3A500AB5BEB /* Project object */ = {
			isa = PBXProject;
			attributes = {
				BuildIndependentTargetsInParallel = 1;
				LastSwiftUpdateCheck = 1500;
				LastUpgradeCheck = 1500;
				TargetAttributes = {
					94A0F0F52B0AB3A500AB5BEB = {
						CreatedOnToolsVersion = 15.0;
					};
				};
			};
			buildConfigurationList = 94A0F0F12B0AB3A500AB5BEB /* Build configuration list for PBXProject "TripWise" */;
			compatibilityVersion = "Xcode 14.0";
			developmentRegion = en;
			hasScannedForEncodings = 0;
			knownRegions = (
				en,
				Base,
			);
			mainGroup = 94A0F0ED2B0AB3A500AB5BEB;
			packageReferences = (
				944DF7BA2D22A24200AF7FF8 /* XCRemoteSwiftPackageReference "common-networking-swift" */,
				94E64B732D2C51E1002E458B /* XCRemoteSwiftPackageReference "swift-dependencies" */,
				94E6530E2D4935C0002E458B /* XCRemoteSwiftPackageReference "SwiftUI-Shimmer" */,
				94E653642D493D97002E458B /* XCRemoteSwiftPackageReference "realm-swift" */,
			);
			productRefGroup = 94A0F0F72B0AB3A500AB5BEB /* Products */;
			projectDirPath = "";
			projectRoot = "";
			targets = (
				94A0F0F52B0AB3A500AB5BEB /* TripWise */,
			);
		};
/* End PBXProject section */

/* Begin PBXResourcesBuildPhase section */
		94A0F0F42B0AB3A500AB5BEB /* Resources */ = {
			isa = PBXResourcesBuildPhase;
			buildActionMask = 2147483647;
			files = (
			);
			runOnlyForDeploymentPostprocessing = 0;
		};
/* End PBXResourcesBuildPhase section */

/* Begin PBXSourcesBuildPhase section */
		94A0F0F22B0AB3A500AB5BEB /* Sources */ = {
			isa = PBXSourcesBuildPhase;
			buildActionMask = 2147483647;
			files = (
			);
			runOnlyForDeploymentPostprocessing = 0;
		};
/* End PBXSourcesBuildPhase section */

/* Begin XCBuildConfiguration section */
		94A0F1022B0AB3A600AB5BEB /* Debug */ = {
			isa = XCBuildConfiguration;
			buildSettings = {
				ALWAYS_SEARCH_USER_PATHS = NO;
				ASSETCATALOG_COMPILER_GENERATE_SWIFT_ASSET_SYMBOL_EXTENSIONS = YES;
				CLANG_ANALYZER_NONNULL = YES;
				CLANG_ANALYZER_NUMBER_OBJECT_CONVERSION = YES_AGGRESSIVE;
				CLANG_CXX_LANGUAGE_STANDARD = "gnu++20";
				CLANG_ENABLE_MODULES = YES;
				CLANG_ENABLE_OBJC_ARC = YES;
				CLANG_ENABLE_OBJC_WEAK = YES;
				CLANG_WARN_BLOCK_CAPTURE_AUTORELEASING = YES;
				CLANG_WARN_BOOL_CONVERSION = YES;
				CLANG_WARN_COMMA = YES;
				CLANG_WARN_CONSTANT_CONVERSION = YES;
				CLANG_WARN_DEPRECATED_OBJC_IMPLEMENTATIONS = YES;
				CLANG_WARN_DIRECT_OBJC_ISA_USAGE = YES_ERROR;
				CLANG_WARN_DOCUMENTATION_COMMENTS = YES;
				CLANG_WARN_EMPTY_BODY = YES;
				CLANG_WARN_ENUM_CONVERSION = YES;
				CLANG_WARN_INFINITE_RECURSION = YES;
				CLANG_WARN_INT_CONVERSION = YES;
				CLANG_WARN_NON_LITERAL_NULL_CONVERSION = YES;
				CLANG_WARN_OBJC_IMPLICIT_RETAIN_SELF = YES;
				CLANG_WARN_OBJC_LITERAL_CONVERSION = YES;
				CLANG_WARN_OBJC_ROOT_CLASS = YES_ERROR;
				CLANG_WARN_QUOTED_INCLUDE_IN_FRAMEWORK_HEADER = YES;
				CLANG_WARN_RANGE_LOOP_ANALYSIS = YES;
				CLANG_WARN_STRICT_PROTOTYPES = YES;
				CLANG_WARN_SUSPICIOUS_MOVE = YES;
				CLANG_WARN_UNGUARDED_AVAILABILITY = YES_AGGRESSIVE;
				CLANG_WARN_UNREACHABLE_CODE = YES;
				CLANG_WARN__DUPLICATE_METHOD_MATCH = YES;
				COPY_PHASE_STRIP = NO;
				DEBUG_INFORMATION_FORMAT = dwarf;
				ENABLE_STRICT_OBJC_MSGSEND = YES;
				ENABLE_TESTABILITY = YES;
				ENABLE_USER_SCRIPT_SANDBOXING = YES;
				GCC_C_LANGUAGE_STANDARD = gnu17;
				GCC_DYNAMIC_NO_PIC = NO;
				GCC_NO_COMMON_BLOCKS = YES;
				GCC_OPTIMIZATION_LEVEL = 0;
				GCC_PREPROCESSOR_DEFINITIONS = (
					"DEBUG=1",
					"$(inherited)",
				);
				GCC_WARN_64_TO_32_BIT_CONVERSION = YES;
				GCC_WARN_ABOUT_RETURN_TYPE = YES_ERROR;
				GCC_WARN_UNDECLARED_SELECTOR = YES;
				GCC_WARN_UNINITIALIZED_AUTOS = YES_AGGRESSIVE;
				GCC_WARN_UNUSED_FUNCTION = YES;
				GCC_WARN_UNUSED_VARIABLE = YES;
				IPHONEOS_DEPLOYMENT_TARGET = 17.0;
				LOCALIZATION_PREFERS_STRING_CATALOGS = YES;
				MTL_ENABLE_DEBUG_INFO = INCLUDE_SOURCE;
				MTL_FAST_MATH = YES;
				ONLY_ACTIVE_ARCH = YES;
				SDKROOT = iphoneos;
				SWIFT_ACTIVE_COMPILATION_CONDITIONS = "DEBUG $(inherited)";
				SWIFT_OPTIMIZATION_LEVEL = "-Onone";
			};
			name = Debug;
		};
		94A0F1032B0AB3A600AB5BEB /* Release */ = {
			isa = XCBuildConfiguration;
			buildSettings = {
				ALWAYS_SEARCH_USER_PATHS = NO;
				ASSETCATALOG_COMPILER_GENERATE_SWIFT_ASSET_SYMBOL_EXTENSIONS = YES;
				CLANG_ANALYZER_NONNULL = YES;
				CLANG_ANALYZER_NUMBER_OBJECT_CONVERSION = YES_AGGRESSIVE;
				CLANG_CXX_LANGUAGE_STANDARD = "gnu++20";
				CLANG_ENABLE_MODULES = YES;
				CLANG_ENABLE_OBJC_ARC = YES;
				CLANG_ENABLE_OBJC_WEAK = YES;
				CLANG_WARN_BLOCK_CAPTURE_AUTORELEASING = YES;
				CLANG_WARN_BOOL_CONVERSION = YES;
				CLANG_WARN_COMMA = YES;
				CLANG_WARN_CONSTANT_CONVERSION = YES;
				CLANG_WARN_DEPRECATED_OBJC_IMPLEMENTATIONS = YES;
				CLANG_WARN_DIRECT_OBJC_ISA_USAGE = YES_ERROR;
				CLANG_WARN_DOCUMENTATION_COMMENTS = YES;
				CLANG_WARN_EMPTY_BODY = YES;
				CLANG_WARN_ENUM_CONVERSION = YES;
				CLANG_WARN_INFINITE_RECURSION = YES;
				CLANG_WARN_INT_CONVERSION = YES;
				CLANG_WARN_NON_LITERAL_NULL_CONVERSION = YES;
				CLANG_WARN_OBJC_IMPLICIT_RETAIN_SELF = YES;
				CLANG_WARN_OBJC_LITERAL_CONVERSION = YES;
				CLANG_WARN_OBJC_ROOT_CLASS = YES_ERROR;
				CLANG_WARN_QUOTED_INCLUDE_IN_FRAMEWORK_HEADER = YES;
				CLANG_WARN_RANGE_LOOP_ANALYSIS = YES;
				CLANG_WARN_STRICT_PROTOTYPES = YES;
				CLANG_WARN_SUSPICIOUS_MOVE = YES;
				CLANG_WARN_UNGUARDED_AVAILABILITY = YES_AGGRESSIVE;
				CLANG_WARN_UNREACHABLE_CODE = YES;
				CLANG_WARN__DUPLICATE_METHOD_MATCH = YES;
				COPY_PHASE_STRIP = NO;
				DEBUG_INFORMATION_FORMAT = "dwarf-with-dsym";
				ENABLE_NS_ASSERTIONS = NO;
				ENABLE_STRICT_OBJC_MSGSEND = YES;
				ENABLE_USER_SCRIPT_SANDBOXING = YES;
				GCC_C_LANGUAGE_STANDARD = gnu17;
				GCC_NO_COMMON_BLOCKS = YES;
				GCC_WARN_64_TO_32_BIT_CONVERSION = YES;
				GCC_WARN_ABOUT_RETURN_TYPE = YES_ERROR;
				GCC_WARN_UNDECLARED_SELECTOR = YES;
				GCC_WARN_UNINITIALIZED_AUTOS = YES_AGGRESSIVE;
				GCC_WARN_UNUSED_FUNCTION = YES;
				GCC_WARN_UNUSED_VARIABLE = YES;
				IPHONEOS_DEPLOYMENT_TARGET = 17.0;
				LOCALIZATION_PREFERS_STRING_CATALOGS = YES;
				MTL_ENABLE_DEBUG_INFO = NO;
				MTL_FAST_MATH = YES;
				SDKROOT = iphoneos;
				SWIFT_COMPILATION_MODE = wholemodule;
				VALIDATE_PRODUCT = YES;
			};
			name = Release;
		};
		94A0F1052B0AB3A600AB5BEB /* Debug */ = {
			isa = XCBuildConfiguration;
			buildSettings = {
				ASSETCATALOG_COMPILER_APPICON_NAME = AppIcon;
				ASSETCATALOG_COMPILER_GLOBAL_ACCENT_COLOR_NAME = AccentColor;
				CODE_SIGN_STYLE = Automatic;
				CURRENT_PROJECT_VERSION = 1;
				DEVELOPMENT_ASSET_PATHS = "\"TripWise/Preview Content\"";
				DEVELOPMENT_TEAM = X67474W3WF;
				ENABLE_PREVIEWS = YES;
				GENERATE_INFOPLIST_FILE = YES;
				INFOPLIST_KEY_UIApplicationSceneManifest_Generation = YES;
				INFOPLIST_KEY_UIApplicationSupportsIndirectInputEvents = YES;
				INFOPLIST_KEY_UILaunchScreen_Generation = YES;
				INFOPLIST_KEY_UISupportedInterfaceOrientations_iPad = "UIInterfaceOrientationPortrait UIInterfaceOrientationPortraitUpsideDown";
				INFOPLIST_KEY_UISupportedInterfaceOrientations_iPhone = UIInterfaceOrientationPortrait;
				IPHONEOS_DEPLOYMENT_TARGET = 18.0;
				LD_RUNPATH_SEARCH_PATHS = (
					"$(inherited)",
					"@executable_path/Frameworks",
				);
				MARKETING_VERSION = 1.0;
				PRODUCT_BUNDLE_IDENTIFIER = edoardopavan.TripWise;
				PRODUCT_NAME = "$(TARGET_NAME)";
				SWIFT_EMIT_LOC_STRINGS = YES;
				SWIFT_VERSION = 5.0;
				TARGETED_DEVICE_FAMILY = "1,2";
			};
			name = Debug;
		};
		94A0F1062B0AB3A600AB5BEB /* Release */ = {
			isa = XCBuildConfiguration;
			buildSettings = {
				ASSETCATALOG_COMPILER_APPICON_NAME = AppIcon;
				ASSETCATALOG_COMPILER_GLOBAL_ACCENT_COLOR_NAME = AccentColor;
				CODE_SIGN_STYLE = Automatic;
				CURRENT_PROJECT_VERSION = 1;
				DEVELOPMENT_ASSET_PATHS = "\"TripWise/Preview Content\"";
				DEVELOPMENT_TEAM = X67474W3WF;
				ENABLE_PREVIEWS = YES;
				GENERATE_INFOPLIST_FILE = YES;
				INFOPLIST_KEY_UIApplicationSceneManifest_Generation = YES;
				INFOPLIST_KEY_UIApplicationSupportsIndirectInputEvents = YES;
				INFOPLIST_KEY_UILaunchScreen_Generation = YES;
				INFOPLIST_KEY_UISupportedInterfaceOrientations_iPad = "UIInterfaceOrientationPortrait UIInterfaceOrientationPortraitUpsideDown";
				INFOPLIST_KEY_UISupportedInterfaceOrientations_iPhone = UIInterfaceOrientationPortrait;
				IPHONEOS_DEPLOYMENT_TARGET = 18.0;
				LD_RUNPATH_SEARCH_PATHS = (
					"$(inherited)",
					"@executable_path/Frameworks",
				);
				MARKETING_VERSION = 1.0;
				PRODUCT_BUNDLE_IDENTIFIER = edoardopavan.TripWise;
				PRODUCT_NAME = "$(TARGET_NAME)";
				SWIFT_EMIT_LOC_STRINGS = YES;
				SWIFT_VERSION = 5.0;
				TARGETED_DEVICE_FAMILY = "1,2";
			};
			name = Release;
		};
/* End XCBuildConfiguration section */

/* Begin XCConfigurationList section */
		94A0F0F12B0AB3A500AB5BEB /* Build configuration list for PBXProject "TripWise" */ = {
			isa = XCConfigurationList;
			buildConfigurations = (
				94A0F1022B0AB3A600AB5BEB /* Debug */,
				94A0F1032B0AB3A600AB5BEB /* Release */,
			);
			defaultConfigurationIsVisible = 0;
			defaultConfigurationName = Release;
		};
		94A0F1042B0AB3A600AB5BEB /* Build configuration list for PBXNativeTarget "TripWise" */ = {
			isa = XCConfigurationList;
			buildConfigurations = (
				94A0F1052B0AB3A600AB5BEB /* Debug */,
				94A0F1062B0AB3A600AB5BEB /* Release */,
			);
			defaultConfigurationIsVisible = 0;
			defaultConfigurationName = Release;
		};
/* End XCConfigurationList section */

/* Begin XCRemoteSwiftPackageReference section */
		944DF7BA2D22A24200AF7FF8 /* XCRemoteSwiftPackageReference "common-networking-swift" */ = {
			isa = XCRemoteSwiftPackageReference;
			repositoryURL = "https://github.com/7Circle/common-networking-swift";
			requirement = {
				kind = upToNextMajorVersion;
				minimumVersion = 1.2.2;
			};
		};
		94E64B732D2C51E1002E458B /* XCRemoteSwiftPackageReference "swift-dependencies" */ = {
			isa = XCRemoteSwiftPackageReference;
			repositoryURL = "https://github.com/pointfreeco/swift-dependencies.git";
			requirement = {
				kind = upToNextMajorVersion;
				minimumVersion = 1.6.3;
			};
		};
		94E6530E2D4935C0002E458B /* XCRemoteSwiftPackageReference "SwiftUI-Shimmer" */ = {
			isa = XCRemoteSwiftPackageReference;
			repositoryURL = "https://github.com/markiv/SwiftUI-Shimmer.git";
			requirement = {
				kind = upToNextMajorVersion;
				minimumVersion = 1.5.1;
			};
		};
		94E6535F2D493C74002E458B /* XCRemoteSwiftPackageReference "realm-swift" */ = {
			isa = XCRemoteSwiftPackageReference;
			repositoryURL = "https://github.com/realm/realm-swift.git";
			requirement = {
				kind = upToNextMajorVersion;
				minimumVersion = 1.0.0;
			};
		};
		94E653642D493D97002E458B /* XCRemoteSwiftPackageReference "realm-swift" */ = {
			isa = XCRemoteSwiftPackageReference;
			repositoryURL = "https://github.com/realm/realm-swift";
			requirement = {
				kind = exactVersion;
				version = 10.49.0;
			};
		};
/* End XCRemoteSwiftPackageReference section */

/* Begin XCSwiftPackageProductDependency section */
		944DF7BB2D22A24200AF7FF8 /* CommonNetworking */ = {
			isa = XCSwiftPackageProductDependency;
			package = 944DF7BA2D22A24200AF7FF8 /* XCRemoteSwiftPackageReference "common-networking-swift" */;
			productName = CommonNetworking;
		};
		94E64B742D2C51E1002E458B /* Dependencies */ = {
			isa = XCSwiftPackageProductDependency;
			package = 94E64B732D2C51E1002E458B /* XCRemoteSwiftPackageReference "swift-dependencies" */;
			productName = Dependencies;
		};
		94E6530F2D4935C0002E458B /* Shimmer */ = {
			isa = XCSwiftPackageProductDependency;
			package = 94E6530E2D4935C0002E458B /* XCRemoteSwiftPackageReference "SwiftUI-Shimmer" */;
			productName = Shimmer;
		};
		94E653602D493C74002E458B /* Realm */ = {
			isa = XCSwiftPackageProductDependency;
			package = 94E6535F2D493C74002E458B /* XCRemoteSwiftPackageReference "realm-swift" */;
			productName = Realm;
		};
		94E653622D493C74002E458B /* RealmSwift */ = {
			isa = XCSwiftPackageProductDependency;
			package = 94E6535F2D493C74002E458B /* XCRemoteSwiftPackageReference "realm-swift" */;
			productName = RealmSwift;
		};
		94E653652D493D97002E458B /* Realm */ = {
			isa = XCSwiftPackageProductDependency;
			package = 94E653642D493D97002E458B /* XCRemoteSwiftPackageReference "realm-swift" */;
			productName = Realm;
		};
		94E653672D493D97002E458B /* RealmSwift */ = {
			isa = XCSwiftPackageProductDependency;
			package = 94E653642D493D97002E458B /* XCRemoteSwiftPackageReference "realm-swift" */;
			productName = RealmSwift;
		};
/* End XCSwiftPackageProductDependency section */
	};
	rootObject = 94A0F0EE2B0AB3A500AB5BEB /* Project object */;
}
